
Microsoft Visual Studio Solution File, Format Version 12.00
# Visual Studio 15
VisualStudioVersion = 15.0.27130.2010
MinimumVisualStudioVersion = 10.0.40219.1
Project("{FAE04EC0-301F-11D3-BF4B-00C04F79EFBC}") = "utauPlugin", "utauPlugin\utauPlugin.csproj", "{C08197D8-8323-4E6E-AAB4-F0B57CC304BD}"
EndProject
Global
	GlobalSection(SolutionConfigurationPlatforms) = preSolution
		Debug|Any CPU = Debug|Any CPU
		Release|Any CPU = Release|Any CPU
	EndGlobalSection
	GlobalSection(ProjectConfigurationPlatforms) = postSolution
		{C08197D8-8323-4E6E-AAB4-F0B57CC304BD}.Debug|Any CPU.ActiveCfg = Debug|Any CPU
		{C08197D8-8323-4E6E-AAB4-F0B57CC304BD}.Debug|Any CPU.Build.0 = Debug|Any CPU
		{C08197D8-8323-4E6E-AAB4-F0B57CC304BD}.Release|Any CPU.ActiveCfg = Release|Any CPU
		{C08197D8-8323-4E6E-AAB4-F0B57CC304BD}.Release|Any CPU.Build.0 = Release|Any CPU
	EndGlobalSection
	GlobalSection(SolutionProperties) = preSolution
		HideSolutionNode = FALSE
	EndGlobalSection
	GlobalSection(ExtensibilityGlobals) = postSolution
		SolutionGuid = {97EBC757-1414-45AD-A627-98C4EFF06DDC}
	EndGlobalSection
EndGlobal
