
Microsoft Visual Studio Solution File, Format Version 12.00
# Visual Studio 15
VisualStudioVersion = 15.0.27130.2010
MinimumVisualStudioVersion = 10.0.40219.1
Project("{FAE04EC0-301F-11D3-BF4B-00C04F79EFBC}") = "utauPlugin", "utauPlugin\utauPlugin.csproj", "{C08197D8-8323-4E6E-AAB4-F0B57CC304BD}"
EndProject
Project("{FAE04EC0-301F-11D3-BF4B-00C04F79EFBC}") = "UtauVoiceBank", "UtauVoiceBank\UtauVoiceBank\UtauVoiceBank.csproj", "{3CD4045E-4D2D-4FBE-B3EB-A950EFC15309}"
EndProject
Project("{FAE04EC0-301F-11D3-BF4B-00C04F79EFBC}") = "Wave", "Wave\Wave\Wave.csproj", "{C0CC431F-2A53-4CCB-9026-451570C7ACE8}"
EndProject
Project("{FAE04EC0-301F-11D3-BF4B-00C04F79EFBC}") = "WaveTests", "Wave\WaveTests\WaveTests.csproj", "{2CE0B195-AAD3-4F6E-9742-F4D8F0F8E04E}"
EndProject
Project("{FAE04EC0-301F-11D3-BF4B-00C04F79EFBC}") = "UtauVoiceBankTests", "UtauVoiceBank\UtauVoiceBankTests\UtauVoiceBankTests.csproj", "{C744FBF1-EDE0-447B-A08D-88653A7BA6E5}"
EndProject
Project("{FAE04EC0-301F-11D3-BF4B-00C04F79EFBC}") = "test", "utauPlugin\test\test\test.csproj", "{B2B6DB3D-343A-4C3E-9470-9CDFE2F496EC}"
EndProject
Global
	GlobalSection(SolutionConfigurationPlatforms) = preSolution
		Debug|Any CPU = Debug|Any CPU
		Release|Any CPU = Release|Any CPU
	EndGlobalSection
	GlobalSection(ProjectConfigurationPlatforms) = postSolution
		{C08197D8-8323-4E6E-AAB4-F0B57CC304BD}.Debug|Any CPU.ActiveCfg = Debug|Any CPU
		{C08197D8-8323-4E6E-AAB4-F0B57CC304BD}.Debug|Any CPU.Build.0 = Debug|Any CPU
		{C08197D8-8323-4E6E-AAB4-F0B57CC304BD}.Release|Any CPU.ActiveCfg = Release|Any CPU
		{C08197D8-8323-4E6E-AAB4-F0B57CC304BD}.Release|Any CPU.Build.0 = Release|Any CPU
		{3CD4045E-4D2D-4FBE-B3EB-A950EFC15309}.Debug|Any CPU.ActiveCfg = Debug|Any CPU
		{3CD4045E-4D2D-4FBE-B3EB-A950EFC15309}.Debug|Any CPU.Build.0 = Debug|Any CPU
		{3CD4045E-4D2D-4FBE-B3EB-A950EFC15309}.Release|Any CPU.ActiveCfg = Release|Any CPU
		{3CD4045E-4D2D-4FBE-B3EB-A950EFC15309}.Release|Any CPU.Build.0 = Release|Any CPU
		{C0CC431F-2A53-4CCB-9026-451570C7ACE8}.Debug|Any CPU.ActiveCfg = Debug|Any CPU
		{C0CC431F-2A53-4CCB-9026-451570C7ACE8}.Debug|Any CPU.Build.0 = Debug|Any CPU
		{C0CC431F-2A53-4CCB-9026-451570C7ACE8}.Release|Any CPU.ActiveCfg = Release|Any CPU
		{C0CC431F-2A53-4CCB-9026-451570C7ACE8}.Release|Any CPU.Build.0 = Release|Any CPU
		{2CE0B195-AAD3-4F6E-9742-F4D8F0F8E04E}.Debug|Any CPU.ActiveCfg = Debug|Any CPU
		{2CE0B195-AAD3-4F6E-9742-F4D8F0F8E04E}.Debug|Any CPU.Build.0 = Debug|Any CPU
		{2CE0B195-AAD3-4F6E-9742-F4D8F0F8E04E}.Release|Any CPU.ActiveCfg = Release|Any CPU
		{2CE0B195-AAD3-4F6E-9742-F4D8F0F8E04E}.Release|Any CPU.Build.0 = Release|Any CPU
		{C744FBF1-EDE0-447B-A08D-88653A7BA6E5}.Debug|Any CPU.ActiveCfg = Debug|Any CPU
		{C744FBF1-EDE0-447B-A08D-88653A7BA6E5}.Debug|Any CPU.Build.0 = Debug|Any CPU
		{C744FBF1-EDE0-447B-A08D-88653A7BA6E5}.Release|Any CPU.ActiveCfg = Release|Any CPU
		{C744FBF1-EDE0-447B-A08D-88653A7BA6E5}.Release|Any CPU.Build.0 = Release|Any CPU
		{B2B6DB3D-343A-4C3E-9470-9CDFE2F496EC}.Debug|Any CPU.ActiveCfg = Debug|Any CPU
		{B2B6DB3D-343A-4C3E-9470-9CDFE2F496EC}.Debug|Any CPU.Build.0 = Debug|Any CPU
		{B2B6DB3D-343A-4C3E-9470-9CDFE2F496EC}.Release|Any CPU.ActiveCfg = Release|Any CPU
		{B2B6DB3D-343A-4C3E-9470-9CDFE2F496EC}.Release|Any CPU.Build.0 = Release|Any CPU
	EndGlobalSection
	GlobalSection(SolutionProperties) = preSolution
		HideSolutionNode = FALSE
	EndGlobalSection
	GlobalSection(ExtensibilityGlobals) = postSolution
		SolutionGuid = {1E0C6389-7B9D-47CB-A0AD-A1C7F7382D44}
	EndGlobalSection
EndGlobal
