
Microsoft Visual Studio Solution File, Format Version 12.00
# Visual Studio 15
VisualStudioVersion = 15.0.28307.168
MinimumVisualStudioVersion = 10.0.40219.1
Project("{FAE04EC0-301F-11D3-BF4B-00C04F79EFBC}") = "InsertNote", "InsertNote\InsertNote.csproj", "{2D6A8C5F-82C3-425B-8037-47864F27B7AA}"
EndProject
Global
	GlobalSection(SolutionConfigurationPlatforms) = preSolution
		Debug|Any CPU = Debug|Any CPU
		Release|Any CPU = Release|Any CPU
	EndGlobalSection
	GlobalSection(ProjectConfigurationPlatforms) = postSolution
		{2D6A8C5F-82C3-425B-8037-47864F27B7AA}.Debug|Any CPU.ActiveCfg = Debug|Any CPU
		{2D6A8C5F-82C3-425B-8037-47864F27B7AA}.Debug|Any CPU.Build.0 = Debug|Any CPU
		{2D6A8C5F-82C3-425B-8037-47864F27B7AA}.Release|Any CPU.ActiveCfg = Release|Any CPU
		{2D6A8C5F-82C3-425B-8037-47864F27B7AA}.Release|Any CPU.Build.0 = Release|Any CPU
	EndGlobalSection
	GlobalSection(SolutionProperties) = preSolution
		HideSolutionNode = FALSE
	EndGlobalSection
	GlobalSection(ExtensibilityGlobals) = postSolution
		SolutionGuid = {AA6CDECD-333A-4176-8A5D-76403BAF5819}
	EndGlobalSection
EndGlobal
